
Microsoft Visual Studio Solution File, Format Version 12.00
# Visual Studio Version 17
VisualStudioVersion = 17.10.35013.160
MinimumVisualStudioVersion = 10.0.40219.1
Project("{FAE04EC0-301F-11D3-BF4B-00C04F79EFBC}") = "AwsDeployment.App", "AwsDeployment.App\AwsDeployment.App.csproj", "{95B4FFBA-BF76-43B3-B32C-245619B78DB1}"
EndProject
Global
	GlobalSection(SolutionConfigurationPlatforms) = preSolution
		Debug|Any CPU = Debug|Any CPU
		Release|Any CPU = Release|Any CPU
	EndGlobalSection
	GlobalSection(ProjectConfigurationPlatforms) = postSolution
		{95B4FFBA-BF76-43B3-B32C-245619B78DB1}.Debug|Any CPU.ActiveCfg = Debug|Any CPU
		{95B4FFBA-BF76-43B3-B32C-245619B78DB1}.Debug|Any CPU.Build.0 = Debug|Any CPU
		{95B4FFBA-BF76-43B3-B32C-245619B78DB1}.Release|Any CPU.ActiveCfg = Release|Any CPU
		{95B4FFBA-BF76-43B3-B32C-245619B78DB1}.Release|Any CPU.Build.0 = Release|Any CPU
	EndGlobalSection
	GlobalSection(SolutionProperties) = preSolution
		HideSolutionNode = FALSE
	EndGlobalSection
	GlobalSection(ExtensibilityGlobals) = postSolution
		SolutionGuid = {0EFD5F98-8280-40D5-8C83-E26FF7A28E7B}
	EndGlobalSection
EndGlobal
